
Microsoft Visual Studio Solution File, Format Version 12.00
# Visual Studio Version 17
VisualStudioVersion = 17.13.35825.156
MinimumVisualStudioVersion = 10.0.40219.1
Project("{FAE04EC0-301F-11D3-BF4B-00C04F79EFBC}") = "student_management_api", "src\student_management_api\student_management_api.csproj", "{5D1279DE-FCD2-DAFB-3C8E-D64DBC8EAE50}"
EndProject
Project("{FAE04EC0-301F-11D3-BF4B-00C04F79EFBC}") = "student_management_api_tests", "src\student_management_api_tests\student_management_api_tests.csproj", "{3CF1E52C-2D4D-E8F1-CE91-259F2520352E}"
	ProjectSection(ProjectDependencies) = postProject
		{5D1279DE-FCD2-DAFB-3C8E-D64DBC8EAE50} = {5D1279DE-FCD2-DAFB-3C8E-D64DBC8EAE50}
	EndProjectSection
EndProject
Project("{2150E333-8FDC-42A3-9474-1A3956D46DE8}") = "Docs", "Docs", "{8EC462FD-D22E-90A8-E5CE-7E832BA40C5D}"
	ProjectSection(SolutionItems) = preProject
		.gitignore = .gitignore
		readme.md = readme.md
	EndProjectSection
EndProject
Global
	GlobalSection(SolutionConfigurationPlatforms) = preSolution
		Debug|Any CPU = Debug|Any CPU
		Release|Any CPU = Release|Any CPU
	EndGlobalSection
	GlobalSection(ProjectConfigurationPlatforms) = postSolution
		{5D1279DE-FCD2-DAFB-3C8E-D64DBC8EAE50}.Debug|Any CPU.ActiveCfg = Debug|Any CPU
		{5D1279DE-FCD2-DAFB-3C8E-D64DBC8EAE50}.Debug|Any CPU.Build.0 = Debug|Any CPU
		{5D1279DE-FCD2-DAFB-3C8E-D64DBC8EAE50}.Release|Any CPU.ActiveCfg = Release|Any CPU
		{5D1279DE-FCD2-DAFB-3C8E-D64DBC8EAE50}.Release|Any CPU.Build.0 = Release|Any CPU
		{3CF1E52C-2D4D-E8F1-CE91-259F2520352E}.Debug|Any CPU.ActiveCfg = Debug|Any CPU
		{3CF1E52C-2D4D-E8F1-CE91-259F2520352E}.Debug|Any CPU.Build.0 = Debug|Any CPU
		{3CF1E52C-2D4D-E8F1-CE91-259F2520352E}.Release|Any CPU.ActiveCfg = Release|Any CPU
		{3CF1E52C-2D4D-E8F1-CE91-259F2520352E}.Release|Any CPU.Build.0 = Release|Any CPU
	EndGlobalSection
	GlobalSection(SolutionProperties) = preSolution
		HideSolutionNode = FALSE
	EndGlobalSection
	GlobalSection(ExtensibilityGlobals) = postSolution
		SolutionGuid = {C4572F68-655B-4092-816A-CD753F87DED6}
	EndGlobalSection
EndGlobal
