
Microsoft Visual Studio Solution File, Format Version 12.00
# Visual Studio Version 17
VisualStudioVersion = 17.13.35825.156
MinimumVisualStudioVersion = 10.0.40219.1
Project("{FAE04EC0-301F-11D3-BF4B-00C04F79EFBC}") = "student_management_api", "student_management_api.csproj", "{34276F0F-2E07-474E-90D5-0484C7884FE4}"
EndProject
Project("{FAE04EC0-301F-11D3-BF4B-00C04F79EFBC}") = "student_management_api_tests", "..\student_management_api_tests\student_management_api_tests.csproj", "{D389A39C-C39D-4A75-ABE4-579008E35456}"
	ProjectSection(ProjectDependencies) = postProject
		{34276F0F-2E07-474E-90D5-0484C7884FE4} = {34276F0F-2E07-474E-90D5-0484C7884FE4}
	EndProjectSection
EndProject
Global
	GlobalSection(SolutionConfigurationPlatforms) = preSolution
		Debug|Any CPU = Debug|Any CPU
		Release|Any CPU = Release|Any CPU
	EndGlobalSection
	GlobalSection(ProjectConfigurationPlatforms) = postSolution
		{34276F0F-2E07-474E-90D5-0484C7884FE4}.Debug|Any CPU.ActiveCfg = Debug|Any CPU
		{34276F0F-2E07-474E-90D5-0484C7884FE4}.Debug|Any CPU.Build.0 = Debug|Any CPU
		{34276F0F-2E07-474E-90D5-0484C7884FE4}.Release|Any CPU.ActiveCfg = Release|Any CPU
		{34276F0F-2E07-474E-90D5-0484C7884FE4}.Release|Any CPU.Build.0 = Release|Any CPU
		{D389A39C-C39D-4A75-ABE4-579008E35456}.Debug|Any CPU.ActiveCfg = Debug|Any CPU
		{D389A39C-C39D-4A75-ABE4-579008E35456}.Debug|Any CPU.Build.0 = Debug|Any CPU
		{D389A39C-C39D-4A75-ABE4-579008E35456}.Release|Any CPU.ActiveCfg = Release|Any CPU
		{D389A39C-C39D-4A75-ABE4-579008E35456}.Release|Any CPU.Build.0 = Release|Any CPU
	EndGlobalSection
	GlobalSection(SolutionProperties) = preSolution
		HideSolutionNode = FALSE
	EndGlobalSection
	GlobalSection(ExtensibilityGlobals) = postSolution
		SolutionGuid = {C4572F68-655B-4092-816A-CD753F87DED6}
	EndGlobalSection
EndGlobal
